
Microsoft Visual Studio Solution File, Format Version 11.00
# Visual Studio 2010
Project("{8BC9CEB8-8B4A-11D0-8D11-00A0C91BC942}") = "Class", "Class\Class.vcxproj", "{996A2075-A021-4FD4-81F3-12E1C16657D9}"
EndProject
Global
	GlobalSection(SolutionConfigurationPlatforms) = preSolution
		Debug|Win32 = Debug|Win32
		Release|Win32 = Release|Win32
	EndGlobalSection
	GlobalSection(ProjectConfigurationPlatforms) = postSolution
		{996A2075-A021-4FD4-81F3-12E1C16657D9}.Debug|Win32.ActiveCfg = Debug|Win32
		{996A2075-A021-4FD4-81F3-12E1C16657D9}.Debug|Win32.Build.0 = Debug|Win32
		{996A2075-A021-4FD4-81F3-12E1C16657D9}.Release|Win32.ActiveCfg = Release|Win32
		{996A2075-A021-4FD4-81F3-12E1C16657D9}.Release|Win32.Build.0 = Release|Win32
	EndGlobalSection
	GlobalSection(SolutionProperties) = preSolution
		HideSolutionNode = FALSE
	EndGlobalSection
EndGlobal
